// !$*UTF8*$!
{
	archiveVersion = 1;
	classes = {
	};
	objectVersion = 77;
	objects = {

/* Begin PBXContainerItemProxy section */
		649D9DDE2D52F1DD004CD6B7 /* PBXContainerItemProxy */ = {
			isa = PBXContainerItemProxy;
			containerPortal = 649D9DC52D52F1DA004CD6B7 /* Project object */;
			proxyType = 1;
			remoteGlobalIDString = 649D9DCC2D52F1DA004CD6B7;
			remoteInfo = ExampleSwiftUIVipper;
		};
		649D9DE82D52F1DD004CD6B7 /* PBXContainerItemProxy */ = {
			isa = PBXContainerItemProxy;
			containerPortal = 649D9DC52D52F1DA004CD6B7 /* Project object */;
			proxyType = 1;
			remoteGlobalIDString = 649D9DCC2D52F1DA004CD6B7;
			remoteInfo = ExampleSwiftUIVipper;
		};
/* End PBXContainerItemProxy section */

/* Begin PBXFileReference section */
		649D9DCD2D52F1DA004CD6B7 /* ExampleSwiftUIVipper.app */ = {isa = PBXFileReference; explicitFileType = wrapper.application; includeInIndex = 0; path = ExampleSwiftUIVipper.app; sourceTree = BUILT_PRODUCTS_DIR; };
		649D9DDD2D52F1DD004CD6B7 /* ExampleSwiftUIVipperTests.xctest */ = {isa = PBXFileReference; explicitFileType = wrapper.cfbundle; includeInIndex = 0; path = ExampleSwiftUIVipperTests.xctest; sourceTree = BUILT_PRODUCTS_DIR; };
		649D9DE72D52F1DD004CD6B7 /* ExampleSwiftUIVipperUITests.xctest */ = {isa = PBXFileReference; explicitFileType = wrapper.cfbundle; includeInIndex = 0; path = ExampleSwiftUIVipperUITests.xctest; sourceTree = BUILT_PRODUCTS_DIR; };
/* End PBXFileReference section */

/* Begin PBXFileSystemSynchronizedRootGroup section */
		649D9DCF2D52F1DA004CD6B7 /* ExampleSwiftUIVipper */ = {
			isa = PBXFileSystemSynchronizedRootGroup;
			path = ExampleSwiftUIVipper;
			sourceTree = "<group>";
		};
		649D9DE02D52F1DD004CD6B7 /* ExampleSwiftUIVipperTests */ = {
			isa = PBXFileSystemSynchronizedRootGroup;
			path = ExampleSwiftUIVipperTests;
			sourceTree = "<group>";
		};
		649D9DEA2D52F1DD004CD6B7 /* ExampleSwiftUIVipperUITests */ = {
			isa = PBXFileSystemSynchronizedRootGroup;
			path = ExampleSwiftUIVipperUITests;
			sourceTree = "<group>";
		};
/* End PBXFileSystemSynchronizedRootGroup section */

/* Begin PBXFrameworksBuildPhase section */
		649D9DCA2D52F1DA004CD6B7 /* Frameworks */ = {
			isa = PBXFrameworksBuildPhase;
			buildActionMask = 2147483647;
			files = (
			);
			runOnlyForDeploymentPostprocessing = 0;
		};
		649D9DDA2D52F1DD004CD6B7 /* Frameworks */ = {
			isa = PBXFrameworksBuildPhase;
			buildActionMask = 2147483647;
			files = (
			);
			runOnlyForDeploymentPostprocessing = 0;
		};
		649D9DE42D52F1DD004CD6B7 /* Frameworks */ = {
			isa = PBXFrameworksBuildPhase;
			buildActionMask = 2147483647;
			files = (
			);
			runOnlyForDeploymentPostprocessing = 0;
		};
/* End PBXFrameworksBuildPhase section */

/* Begin PBXGroup section */
		649D9DC42D52F1DA004CD6B7 = {
			isa = PBXGroup;
			children = (
				649D9DCF2D52F1DA004CD6B7 /* ExampleSwiftUIVipper */,
				649D9DE02D52F1DD004CD6B7 /* ExampleSwiftUIVipperTests */,
				649D9DEA2D52F1DD004CD6B7 /* ExampleSwiftUIVipperUITests */,
				649D9DCE2D52F1DA004CD6B7 /* Products */,
			);
			sourceTree = "<group>";
		};
		649D9DCE2D52F1DA004CD6B7 /* Products */ = {
			isa = PBXGroup;
			children = (
				649D9DCD2D52F1DA004CD6B7 /* ExampleSwiftUIVipper.app */,
				649D9DDD2D52F1DD004CD6B7 /* ExampleSwiftUIVipperTests.xctest */,
				649D9DE72D52F1DD004CD6B7 /* ExampleSwiftUIVipperUITests.xctest */,
			);
			name = Products;
			sourceTree = "<group>";
		};
/* End PBXGroup section */

/* Begin PBXNativeTarget section */
		649D9DCC2D52F1DA004CD6B7 /* ExampleSwiftUIVipper */ = {
			isa = PBXNativeTarget;
			buildConfigurationList = 649D9DF12D52F1DD004CD6B7 /* Build configuration list for PBXNativeTarget "ExampleSwiftUIVipper" */;
			buildPhases = (
				649D9DC92D52F1DA004CD6B7 /* Sources */,
				649D9DCA2D52F1DA004CD6B7 /* Frameworks */,
				649D9DCB2D52F1DA004CD6B7 /* Resources */,
			);
			buildRules = (
			);
			dependencies = (
			);
			fileSystemSynchronizedGroups = (
				649D9DCF2D52F1DA004CD6B7 /* ExampleSwiftUIVipper */,
			);
			name = ExampleSwiftUIVipper;
			packageProductDependencies = (
			);
			productName = ExampleSwiftUIVipper;
			productReference = 649D9DCD2D52F1DA004CD6B7 /* ExampleSwiftUIVipper.app */;
			productType = "com.apple.product-type.application";
		};
		649D9DDC2D52F1DD004CD6B7 /* ExampleSwiftUIVipperTests */ = {
			isa = PBXNativeTarget;
			buildConfigurationList = 649D9DF42D52F1DD004CD6B7 /* Build configuration list for PBXNativeTarget "ExampleSwiftUIVipperTests" */;
			buildPhases = (
				649D9DD92D52F1DD004CD6B7 /* Sources */,
				649D9DDA2D52F1DD004CD6B7 /* Frameworks */,
				649D9DDB2D52F1DD004CD6B7 /* Resources */,
			);
			buildRules = (
			);
			dependencies = (
				649D9DDF2D52F1DD004CD6B7 /* PBXTargetDependency */,
			);
			fileSystemSynchronizedGroups = (
				649D9DE02D52F1DD004CD6B7 /* ExampleSwiftUIVipperTests */,
			);
			name = ExampleSwiftUIVipperTests;
			packageProductDependencies = (
			);
			productName = ExampleSwiftUIVipperTests;
			productReference = 649D9DDD2D52F1DD004CD6B7 /* ExampleSwiftUIVipperTests.xctest */;
			productType = "com.apple.product-type.bundle.unit-test";
		};
		649D9DE62D52F1DD004CD6B7 /* ExampleSwiftUIVipperUITests */ = {
			isa = PBXNativeTarget;
			buildConfigurationList = 649D9DF72D52F1DD004CD6B7 /* Build configuration list for PBXNativeTarget "ExampleSwiftUIVipperUITests" */;
			buildPhases = (
				649D9DE32D52F1DD004CD6B7 /* Sources */,
				649D9DE42D52F1DD004CD6B7 /* Frameworks */,
				649D9DE52D52F1DD004CD6B7 /* Resources */,
			);
			buildRules = (
			);
			dependencies = (
				649D9DE92D52F1DD004CD6B7 /* PBXTargetDependency */,
			);
			fileSystemSynchronizedGroups = (
				649D9DEA2D52F1DD004CD6B7 /* ExampleSwiftUIVipperUITests */,
			);
			name = ExampleSwiftUIVipperUITests;
			packageProductDependencies = (
			);
			productName = ExampleSwiftUIVipperUITests;
			productReference = 649D9DE72D52F1DD004CD6B7 /* ExampleSwiftUIVipperUITests.xctest */;
			productType = "com.apple.product-type.bundle.ui-testing";
		};
/* End PBXNativeTarget section */

/* Begin PBXProject section */
		649D9DC52D52F1DA004CD6B7 /* Project object */ = {
			isa = PBXProject;
			attributes = {
				BuildIndependentTargetsInParallel = 1;
				LastSwiftUpdateCheck = 1600;
				LastUpgradeCheck = 1600;
				TargetAttributes = {
					649D9DCC2D52F1DA004CD6B7 = {
						CreatedOnToolsVersion = 16.0;
					};
					649D9DDC2D52F1DD004CD6B7 = {
						CreatedOnToolsVersion = 16.0;
						TestTargetID = 649D9DCC2D52F1DA004CD6B7;
					};
					649D9DE62D52F1DD004CD6B7 = {
						CreatedOnToolsVersion = 16.0;
						TestTargetID = 649D9DCC2D52F1DA004CD6B7;
					};
				};
			};
			buildConfigurationList = 649D9DC82D52F1DA004CD6B7 /* Build configuration list for PBXProject "ExampleSwiftUIVipper" */;
			developmentRegion = en;
			hasScannedForEncodings = 0;
			knownRegions = (
				en,
				Base,
			);
			mainGroup = 649D9DC42D52F1DA004CD6B7;
			minimizedProjectReferenceProxies = 1;
			preferredProjectObjectVersion = 77;
			productRefGroup = 649D9DCE2D52F1DA004CD6B7 /* Products */;
			projectDirPath = "";
			projectRoot = "";
			targets = (
				649D9DCC2D52F1DA004CD6B7 /* ExampleSwiftUIVipper */,
				649D9DDC2D52F1DD004CD6B7 /* ExampleSwiftUIVipperTests */,
				649D9DE62D52F1DD004CD6B7 /* ExampleSwiftUIVipperUITests */,
			);
		};
/* End PBXProject section */

/* Begin PBXResourcesBuildPhase section */
		649D9DCB2D52F1DA004CD6B7 /* Resources */ = {
			isa = PBXResourcesBuildPhase;
			buildActionMask = 2147483647;
			files = (
			);
			runOnlyForDeploymentPostprocessing = 0;
		};
		649D9DDB2D52F1DD004CD6B7 /* Resources */ = {
			isa = PBXResourcesBuildPhase;
			buildActionMask = 2147483647;
			files = (
			);
			runOnlyForDeploymentPostprocessing = 0;
		};
		649D9DE52D52F1DD004CD6B7 /* Resources */ = {
			isa = PBXResourcesBuildPhase;
			buildActionMask = 2147483647;
			files = (
			);
			runOnlyForDeploymentPostprocessing = 0;
		};
/* End PBXResourcesBuildPhase section */

/* Begin PBXSourcesBuildPhase section */
		649D9DC92D52F1DA004CD6B7 /* Sources */ = {
			isa = PBXSourcesBuildPhase;
			buildActionMask = 2147483647;
			files = (
			);
			runOnlyForDeploymentPostprocessing = 0;
		};
		649D9DD92D52F1DD004CD6B7 /* Sources */ = {
			isa = PBXSourcesBuildPhase;
			buildActionMask = 2147483647;
			files = (
			);
			runOnlyForDeploymentPostprocessing = 0;
		};
		649D9DE32D52F1DD004CD6B7 /* Sources */ = {
			isa = PBXSourcesBuildPhase;
			buildActionMask = 2147483647;
			files = (
			);
			runOnlyForDeploymentPostprocessing = 0;
		};
/* End PBXSourcesBuildPhase section */

/* Begin PBXTargetDependency section */
		649D9DDF2D52F1DD004CD6B7 /* PBXTargetDependency */ = {
			isa = PBXTargetDependency;
			target = 649D9DCC2D52F1DA004CD6B7 /* ExampleSwiftUIVipper */;
			targetProxy = 649D9DDE2D52F1DD004CD6B7 /* PBXContainerItemProxy */;
		};
		649D9DE92D52F1DD004CD6B7 /* PBXTargetDependency */ = {
			isa = PBXTargetDependency;
			target = 649D9DCC2D52F1DA004CD6B7 /* ExampleSwiftUIVipper */;
			targetProxy = 649D9DE82D52F1DD004CD6B7 /* PBXContainerItemProxy */;
		};
/* End PBXTargetDependency section */

/* Begin XCBuildConfiguration section */
		649D9DEF2D52F1DD004CD6B7 /* Debug */ = {
			isa = XCBuildConfiguration;
			buildSettings = {
				ALWAYS_SEARCH_USER_PATHS = NO;
				ASSETCATALOG_COMPILER_GENERATE_SWIFT_ASSET_SYMBOL_EXTENSIONS = YES;
				CLANG_ANALYZER_NONNULL = YES;
				CLANG_ANALYZER_NUMBER_OBJECT_CONVERSION = YES_AGGRESSIVE;
				CLANG_CXX_LANGUAGE_STANDARD = "gnu++20";
				CLANG_ENABLE_MODULES = YES;
				CLANG_ENABLE_OBJC_ARC = YES;
				CLANG_ENABLE_OBJC_WEAK = YES;
				CLANG_WARN_BLOCK_CAPTURE_AUTORELEASING = YES;
				CLANG_WARN_BOOL_CONVERSION = YES;
				CLANG_WARN_COMMA = YES;
				CLANG_WARN_CONSTANT_CONVERSION = YES;
				CLANG_WARN_DEPRECATED_OBJC_IMPLEMENTATIONS = YES;
				CLANG_WARN_DIRECT_OBJC_ISA_USAGE = YES_ERROR;
				CLANG_WARN_DOCUMENTATION_COMMENTS = YES;
				CLANG_WARN_EMPTY_BODY = YES;
				CLANG_WARN_ENUM_CONVERSION = YES;
				CLANG_WARN_INFINITE_RECURSION = YES;
				CLANG_WARN_INT_CONVERSION = YES;
				CLANG_WARN_NON_LITERAL_NULL_CONVERSION = YES;
				CLANG_WARN_OBJC_IMPLICIT_RETAIN_SELF = YES;
				CLANG_WARN_OBJC_LITERAL_CONVERSION = YES;
				CLANG_WARN_OBJC_ROOT_CLASS = YES_ERROR;
				CLANG_WARN_QUOTED_INCLUDE_IN_FRAMEWORK_HEADER = YES;
				CLANG_WARN_RANGE_LOOP_ANALYSIS = YES;
				CLANG_WARN_STRICT_PROTOTYPES = YES;
				CLANG_WARN_SUSPICIOUS_MOVE = YES;
				CLANG_WARN_UNGUARDED_AVAILABILITY = YES_AGGRESSIVE;
				CLANG_WARN_UNREACHABLE_CODE = YES;
				CLANG_WARN__DUPLICATE_METHOD_MATCH = YES;
				COPY_PHASE_STRIP = NO;
				DEBUG_INFORMATION_FORMAT = dwarf;
				ENABLE_STRICT_OBJC_MSGSEND = YES;
				ENABLE_TESTABILITY = YES;
				ENABLE_USER_SCRIPT_SANDBOXING = YES;
				GCC_C_LANGUAGE_STANDARD = gnu17;
				GCC_DYNAMIC_NO_PIC = NO;
				GCC_NO_COMMON_BLOCKS = YES;
				GCC_OPTIMIZATION_LEVEL = 0;
				GCC_PREPROCESSOR_DEFINITIONS = (
					"DEBUG=1",
					"$(inherited)",
				);
				GCC_WARN_64_TO_32_BIT_CONVERSION = YES;
				GCC_WARN_ABOUT_RETURN_TYPE = YES_ERROR;
				GCC_WARN_UNDECLARED_SELECTOR = YES;
				GCC_WARN_UNINITIALIZED_AUTOS = YES_AGGRESSIVE;
				GCC_WARN_UNUSED_FUNCTION = YES;
				GCC_WARN_UNUSED_VARIABLE = YES;
				IPHONEOS_DEPLOYMENT_TARGET = 18.0;
				LOCALIZATION_PREFERS_STRING_CATALOGS = YES;
				MTL_ENABLE_DEBUG_INFO = INCLUDE_SOURCE;
				MTL_FAST_MATH = YES;
				ONLY_ACTIVE_ARCH = YES;
				SDKROOT = iphoneos;
				SWIFT_ACTIVE_COMPILATION_CONDITIONS = "DEBUG $(inherited)";
				SWIFT_OPTIMIZATION_LEVEL = "-Onone";
			};
			name = Debug;
		};
		649D9DF02D52F1DD004CD6B7 /* Release */ = {
			isa = XCBuildConfiguration;
			buildSettings = {
				ALWAYS_SEARCH_USER_PATHS = NO;
				ASSETCATALOG_COMPILER_GENERATE_SWIFT_ASSET_SYMBOL_EXTENSIONS = YES;
				CLANG_ANALYZER_NONNULL = YES;
				CLANG_ANALYZER_NUMBER_OBJECT_CONVERSION = YES_AGGRESSIVE;
				CLANG_CXX_LANGUAGE_STANDARD = "gnu++20";
				CLANG_ENABLE_MODULES = YES;
				CLANG_ENABLE_OBJC_ARC = YES;
				CLANG_ENABLE_OBJC_WEAK = YES;
				CLANG_WARN_BLOCK_CAPTURE_AUTORELEASING = YES;
				CLANG_WARN_BOOL_CONVERSION = YES;
				CLANG_WARN_COMMA = YES;
				CLANG_WARN_CONSTANT_CONVERSION = YES;
				CLANG_WARN_DEPRECATED_OBJC_IMPLEMENTATIONS = YES;
				CLANG_WARN_DIRECT_OBJC_ISA_USAGE = YES_ERROR;
				CLANG_WARN_DOCUMENTATION_COMMENTS = YES;
				CLANG_WARN_EMPTY_BODY = YES;
				CLANG_WARN_ENUM_CONVERSION = YES;
				CLANG_WARN_INFINITE_RECURSION = YES;
				CLANG_WARN_INT_CONVERSION = YES;
				CLANG_WARN_NON_LITERAL_NULL_CONVERSION = YES;
				CLANG_WARN_OBJC_IMPLICIT_RETAIN_SELF = YES;
				CLANG_WARN_OBJC_LITERAL_CONVERSION = YES;
				CLANG_WARN_OBJC_ROOT_CLASS = YES_ERROR;
				CLANG_WARN_QUOTED_INCLUDE_IN_FRAMEWORK_HEADER = YES;
				CLANG_WARN_RANGE_LOOP_ANALYSIS = YES;
				CLANG_WARN_STRICT_PROTOTYPES = YES;
				CLANG_WARN_SUSPICIOUS_MOVE = YES;
				CLANG_WARN_UNGUARDED_AVAILABILITY = YES_AGGRESSIVE;
				CLANG_WARN_UNREACHABLE_CODE = YES;
				CLANG_WARN__DUPLICATE_METHOD_MATCH = YES;
				COPY_PHASE_STRIP = NO;
				DEBUG_INFORMATION_FORMAT = "dwarf-with-dsym";
				ENABLE_NS_ASSERTIONS = NO;
				ENABLE_STRICT_OBJC_MSGSEND = YES;
				ENABLE_USER_SCRIPT_SANDBOXING = YES;
				GCC_C_LANGUAGE_STANDARD = gnu17;
				GCC_NO_COMMON_BLOCKS = YES;
				GCC_WARN_64_TO_32_BIT_CONVERSION = YES;
				GCC_WARN_ABOUT_RETURN_TYPE = YES_ERROR;
				GCC_WARN_UNDECLARED_SELECTOR = YES;
				GCC_WARN_UNINITIALIZED_AUTOS = YES_AGGRESSIVE;
				GCC_WARN_UNUSED_FUNCTION = YES;
				GCC_WARN_UNUSED_VARIABLE = YES;
				IPHONEOS_DEPLOYMENT_TARGET = 18.0;
				LOCALIZATION_PREFERS_STRING_CATALOGS = YES;
				MTL_ENABLE_DEBUG_INFO = NO;
				MTL_FAST_MATH = YES;
				SDKROOT = iphoneos;
				SWIFT_COMPILATION_MODE = wholemodule;
				VALIDATE_PRODUCT = YES;
			};
			name = Release;
		};
		649D9DF22D52F1DD004CD6B7 /* Debug */ = {
			isa = XCBuildConfiguration;
			buildSettings = {
				ASSETCATALOG_COMPILER_APPICON_NAME = AppIcon;
				ASSETCATALOG_COMPILER_GLOBAL_ACCENT_COLOR_NAME = AccentColor;
				CODE_SIGN_STYLE = Automatic;
				CURRENT_PROJECT_VERSION = 1;
				DEVELOPMENT_ASSET_PATHS = "\"ExampleSwiftUIVipper/Preview Content\"";
				DEVELOPMENT_TEAM = FQ36B3Q5Q6;
				ENABLE_PREVIEWS = YES;
				GENERATE_INFOPLIST_FILE = YES;
				INFOPLIST_KEY_UIApplicationSceneManifest_Generation = YES;
				INFOPLIST_KEY_UIApplicationSupportsIndirectInputEvents = YES;
				INFOPLIST_KEY_UILaunchScreen_Generation = YES;
				INFOPLIST_KEY_UISupportedInterfaceOrientations_iPad = "UIInterfaceOrientationPortrait UIInterfaceOrientationPortraitUpsideDown UIInterfaceOrientationLandscapeLeft UIInterfaceOrientationLandscapeRight";
				INFOPLIST_KEY_UISupportedInterfaceOrientations_iPhone = "UIInterfaceOrientationPortrait UIInterfaceOrientationLandscapeLeft UIInterfaceOrientationLandscapeRight";
				IPHONEOS_DEPLOYMENT_TARGET = 15.6;
				LD_RUNPATH_SEARCH_PATHS = (
					"$(inherited)",
					"@executable_path/Frameworks",
				);
				MARKETING_VERSION = 1.0;
				PRODUCT_BUNDLE_IDENTIFIER = info.raditsan.ExampleSwiftUIVipper;
				PRODUCT_NAME = "$(TARGET_NAME)";
				SWIFT_EMIT_LOC_STRINGS = YES;
				SWIFT_VERSION = 5.0;
				TARGETED_DEVICE_FAMILY = "1,2";
			};
			name = Debug;
		};
		649D9DF32D52F1DD004CD6B7 /* Release */ = {
			isa = XCBuildConfiguration;
			buildSettings = {
				ASSETCATALOG_COMPILER_APPICON_NAME = AppIcon;
				ASSETCATALOG_COMPILER_GLOBAL_ACCENT_COLOR_NAME = AccentColor;
				CODE_SIGN_STYLE = Automatic;
				CURRENT_PROJECT_VERSION = 1;
				DEVELOPMENT_ASSET_PATHS = "\"ExampleSwiftUIVipper/Preview Content\"";
				DEVELOPMENT_TEAM = FQ36B3Q5Q6;
				ENABLE_PREVIEWS = YES;
				GENERATE_INFOPLIST_FILE = YES;
				INFOPLIST_KEY_UIApplicationSceneManifest_Generation = YES;
				INFOPLIST_KEY_UIApplicationSupportsIndirectInputEvents = YES;
				INFOPLIST_KEY_UILaunchScreen_Generation = YES;
				INFOPLIST_KEY_UISupportedInterfaceOrientations_iPad = "UIInterfaceOrientationPortrait UIInterfaceOrientationPortraitUpsideDown UIInterfaceOrientationLandscapeLeft UIInterfaceOrientationLandscapeRight";
				INFOPLIST_KEY_UISupportedInterfaceOrientations_iPhone = "UIInterfaceOrientationPortrait UIInterfaceOrientationLandscapeLeft UIInterfaceOrientationLandscapeRight";
				IPHONEOS_DEPLOYMENT_TARGET = 15.6;
				LD_RUNPATH_SEARCH_PATHS = (
					"$(inherited)",
					"@executable_path/Frameworks",
				);
				MARKETING_VERSION = 1.0;
				PRODUCT_BUNDLE_IDENTIFIER = info.raditsan.ExampleSwiftUIVipper;
				PRODUCT_NAME = "$(TARGET_NAME)";
				SWIFT_EMIT_LOC_STRINGS = YES;
				SWIFT_VERSION = 5.0;
				TARGETED_DEVICE_FAMILY = "1,2";
			};
			name = Release;
		};
		649D9DF52D52F1DD004CD6B7 /* Debug */ = {
			isa = XCBuildConfiguration;
			buildSettings = {
				BUNDLE_LOADER = "$(TEST_HOST)";
				CODE_SIGN_STYLE = Automatic;
				CURRENT_PROJECT_VERSION = 1;
				DEVELOPMENT_TEAM = FQ36B3Q5Q6;
				GENERATE_INFOPLIST_FILE = YES;
				IPHONEOS_DEPLOYMENT_TARGET = 18.0;
				MARKETING_VERSION = 1.0;
				PRODUCT_BUNDLE_IDENTIFIER = info.raditsan.ExampleSwiftUIVipperTests;
				PRODUCT_NAME = "$(TARGET_NAME)";
				SWIFT_EMIT_LOC_STRINGS = NO;
				SWIFT_VERSION = 5.0;
				TARGETED_DEVICE_FAMILY = "1,2";
				TEST_HOST = "$(BUILT_PRODUCTS_DIR)/ExampleSwiftUIVipper.app/$(BUNDLE_EXECUTABLE_FOLDER_PATH)/ExampleSwiftUIVipper";
			};
			name = Debug;
		};
		649D9DF62D52F1DD004CD6B7 /* Release */ = {
			isa = XCBuildConfiguration;
			buildSettings = {
				BUNDLE_LOADER = "$(TEST_HOST)";
				CODE_SIGN_STYLE = Automatic;
				CURRENT_PROJECT_VERSION = 1;
				DEVELOPMENT_TEAM = FQ36B3Q5Q6;
				GENERATE_INFOPLIST_FILE = YES;
				IPHONEOS_DEPLOYMENT_TARGET = 18.0;
				MARKETING_VERSION = 1.0;
				PRODUCT_BUNDLE_IDENTIFIER = info.raditsan.ExampleSwiftUIVipperTests;
				PRODUCT_NAME = "$(TARGET_NAME)";
				SWIFT_EMIT_LOC_STRINGS = NO;
				SWIFT_VERSION = 5.0;
				TARGETED_DEVICE_FAMILY = "1,2";
				TEST_HOST = "$(BUILT_PRODUCTS_DIR)/ExampleSwiftUIVipper.app/$(BUNDLE_EXECUTABLE_FOLDER_PATH)/ExampleSwiftUIVipper";
			};
			name = Release;
		};
		649D9DF82D52F1DD004CD6B7 /* Debug */ = {
			isa = XCBuildConfiguration;
			buildSettings = {
				CODE_SIGN_STYLE = Automatic;
				CURRENT_PROJECT_VERSION = 1;
				DEVELOPMENT_TEAM = FQ36B3Q5Q6;
				GENERATE_INFOPLIST_FILE = YES;
				MARKETING_VERSION = 1.0;
				PRODUCT_BUNDLE_IDENTIFIER = info.raditsan.ExampleSwiftUIVipperUITests;
				PRODUCT_NAME = "$(TARGET_NAME)";
				SWIFT_EMIT_LOC_STRINGS = NO;
				SWIFT_VERSION = 5.0;
				TARGETED_DEVICE_FAMILY = "1,2";
				TEST_TARGET_NAME = ExampleSwiftUIVipper;
			};
			name = Debug;
		};
		649D9DF92D52F1DD004CD6B7 /* Release */ = {
			isa = XCBuildConfiguration;
			buildSettings = {
				CODE_SIGN_STYLE = Automatic;
				CURRENT_PROJECT_VERSION = 1;
				DEVELOPMENT_TEAM = FQ36B3Q5Q6;
				GENERATE_INFOPLIST_FILE = YES;
				MARKETING_VERSION = 1.0;
				PRODUCT_BUNDLE_IDENTIFIER = info.raditsan.ExampleSwiftUIVipperUITests;
				PRODUCT_NAME = "$(TARGET_NAME)";
				SWIFT_EMIT_LOC_STRINGS = NO;
				SWIFT_VERSION = 5.0;
				TARGETED_DEVICE_FAMILY = "1,2";
				TEST_TARGET_NAME = ExampleSwiftUIVipper;
			};
			name = Release;
		};
/* End XCBuildConfiguration section */

/* Begin XCConfigurationList section */
		649D9DC82D52F1DA004CD6B7 /* Build configuration list for PBXProject "ExampleSwiftUIVipper" */ = {
			isa = XCConfigurationList;
			buildConfigurations = (
				649D9DEF2D52F1DD004CD6B7 /* Debug */,
				649D9DF02D52F1DD004CD6B7 /* Release */,
			);
			defaultConfigurationIsVisible = 0;
			defaultConfigurationName = Release;
		};
		649D9DF12D52F1DD004CD6B7 /* Build configuration list for PBXNativeTarget "ExampleSwiftUIVipper" */ = {
			isa = XCConfigurationList;
			buildConfigurations = (
				649D9DF22D52F1DD004CD6B7 /* Debug */,
				649D9DF32D52F1DD004CD6B7 /* Release */,
			);
			defaultConfigurationIsVisible = 0;
			defaultConfigurationName = Release;
		};
		649D9DF42D52F1DD004CD6B7 /* Build configuration list for PBXNativeTarget "ExampleSwiftUIVipperTests" */ = {
			isa = XCConfigurationList;
			buildConfigurations = (
				649D9DF52D52F1DD004CD6B7 /* Debug */,
				649D9DF62D52F1DD004CD6B7 /* Release */,
			);
			defaultConfigurationIsVisible = 0;
			defaultConfigurationName = Release;
		};
		649D9DF72D52F1DD004CD6B7 /* Build configuration list for PBXNativeTarget "ExampleSwiftUIVipperUITests" */ = {
			isa = XCConfigurationList;
			buildConfigurations = (
				649D9DF82D52F1DD004CD6B7 /* Debug */,
				649D9DF92D52F1DD004CD6B7 /* Release */,
			);
			defaultConfigurationIsVisible = 0;
			defaultConfigurationName = Release;
		};
/* End XCConfigurationList section */
	};
	rootObject = 649D9DC52D52F1DA004CD6B7 /* Project object */;
}
